
Microsoft Visual Studio Solution File, Format Version 12.00
# Visual Studio Version 17
VisualStudioVersion = 17.2.32630.192
MinimumVisualStudioVersion = 10.0.40219.1
Project("{9A19103F-16F7-4668-BE54-9A1E7A4F7556}") = "Fancy.Schema", "Fancy.Schema\Fancy.Schema.csproj", "{C3DEACA3-9C68-4BFE-93F4-93D07B0D349F}"
EndProject
Project("{FAE04EC0-301F-11D3-BF4B-00C04F79EFBC}") = "Fancy.Schema.Extension", "Fancy.Schema.Extension\Fancy.Schema.Extension.csproj", "{F25DF03B-081E-4538-9643-EF89D2A758DB}"
EndProject
Global
	GlobalSection(SolutionConfigurationPlatforms) = preSolution
		Debug|Any CPU = Debug|Any CPU
		Release|Any CPU = Release|Any CPU
	EndGlobalSection
	GlobalSection(ProjectConfigurationPlatforms) = postSolution
		{C3DEACA3-9C68-4BFE-93F4-93D07B0D349F}.Debug|Any CPU.ActiveCfg = Debug|Any CPU
		{C3DEACA3-9C68-4BFE-93F4-93D07B0D349F}.Debug|Any CPU.Build.0 = Debug|Any CPU
		{C3DEACA3-9C68-4BFE-93F4-93D07B0D349F}.Release|Any CPU.ActiveCfg = Release|Any CPU
		{C3DEACA3-9C68-4BFE-93F4-93D07B0D349F}.Release|Any CPU.Build.0 = Release|Any CPU
		{F25DF03B-081E-4538-9643-EF89D2A758DB}.Debug|Any CPU.ActiveCfg = Debug|Any CPU
		{F25DF03B-081E-4538-9643-EF89D2A758DB}.Debug|Any CPU.Build.0 = Debug|Any CPU
		{F25DF03B-081E-4538-9643-EF89D2A758DB}.Release|Any CPU.ActiveCfg = Release|Any CPU
		{F25DF03B-081E-4538-9643-EF89D2A758DB}.Release|Any CPU.Build.0 = Release|Any CPU
	EndGlobalSection
	GlobalSection(SolutionProperties) = preSolution
		HideSolutionNode = FALSE
	EndGlobalSection
	GlobalSection(ExtensibilityGlobals) = postSolution
		SolutionGuid = {79C68AE8-8685-4FB7-8DF3-23012FC7217A}
	EndGlobalSection
EndGlobal
